
Microsoft Visual Studio Solution File, Format Version 12.00
# Visual Studio 15
VisualStudioVersion = 15.0.27004.2009
MinimumVisualStudioVersion = 10.0.40219.1
Project("{FAE04EC0-301F-11D3-BF4B-00C04F79EFBC}") = "Euler", "Euler\Euler.csproj", "{019D9831-68D0-444A-8752-90DFC31EF27A}"
EndProject
Project("{FAE04EC0-301F-11D3-BF4B-00C04F79EFBC}") = "Euler.Tests", "Euler.Tests\Euler.Tests.csproj", "{1CA20E36-1A5D-406C-B516-E5D0AD3C74E4}"
EndProject
Global
	GlobalSection(SolutionConfigurationPlatforms) = preSolution
		Debug|Any CPU = Debug|Any CPU
		Release|Any CPU = Release|Any CPU
	EndGlobalSection
	GlobalSection(ProjectConfigurationPlatforms) = postSolution
		{019D9831-68D0-444A-8752-90DFC31EF27A}.Debug|Any CPU.ActiveCfg = Debug|Any CPU
		{019D9831-68D0-444A-8752-90DFC31EF27A}.Debug|Any CPU.Build.0 = Debug|Any CPU
		{019D9831-68D0-444A-8752-90DFC31EF27A}.Release|Any CPU.ActiveCfg = Release|Any CPU
		{019D9831-68D0-444A-8752-90DFC31EF27A}.Release|Any CPU.Build.0 = Release|Any CPU
		{1CA20E36-1A5D-406C-B516-E5D0AD3C74E4}.Debug|Any CPU.ActiveCfg = Debug|Any CPU
		{1CA20E36-1A5D-406C-B516-E5D0AD3C74E4}.Debug|Any CPU.Build.0 = Debug|Any CPU
		{1CA20E36-1A5D-406C-B516-E5D0AD3C74E4}.Release|Any CPU.ActiveCfg = Release|Any CPU
		{1CA20E36-1A5D-406C-B516-E5D0AD3C74E4}.Release|Any CPU.Build.0 = Release|Any CPU
	EndGlobalSection
	GlobalSection(SolutionProperties) = preSolution
		HideSolutionNode = FALSE
	EndGlobalSection
	GlobalSection(ExtensibilityGlobals) = postSolution
		SolutionGuid = {9AAD6514-8395-4B43-9E37-B75F94E6EC2C}
	EndGlobalSection
EndGlobal
